
Microsoft Visual Studio Solution File, Format Version 12.00
# Visual Studio Version 17
VisualStudioVersion = 17.11.35303.130
MinimumVisualStudioVersion = 10.0.40219.1
Project("{FAE04EC0-301F-11D3-BF4B-00C04F79EFBC}") = "MedicalSchedulingSystem.Domain", "MedicalSchedulingSystem.Domain\MedicalSchedulingSystem.Domain.csproj", "{0FCED6BF-03FF-49B4-ABB6-5F57B112A938}"
EndProject
Project("{FAE04EC0-301F-11D3-BF4B-00C04F79EFBC}") = "MedicalSchedulingSystem.Shared", "MedicalSchedulingSystem.Shared\MedicalSchedulingSystem.Shared.csproj", "{1077ECA9-CE66-46C7-BD5E-D6CBEC84A623}"
EndProject
Project("{FAE04EC0-301F-11D3-BF4B-00C04F79EFBC}") = "MedicalSchedulingSystem.Tests", "MedicalSchedulingSystem.Tests\MedicalSchedulingSystem.Tests.csproj", "{7273EE64-477A-4000-80D0-FBD5CEA32870}"
EndProject
Global
	GlobalSection(SolutionConfigurationPlatforms) = preSolution
		Debug|Any CPU = Debug|Any CPU
		Release|Any CPU = Release|Any CPU
	EndGlobalSection
	GlobalSection(ProjectConfigurationPlatforms) = postSolution
		{0FCED6BF-03FF-49B4-ABB6-5F57B112A938}.Debug|Any CPU.ActiveCfg = Debug|Any CPU
		{0FCED6BF-03FF-49B4-ABB6-5F57B112A938}.Debug|Any CPU.Build.0 = Debug|Any CPU
		{0FCED6BF-03FF-49B4-ABB6-5F57B112A938}.Release|Any CPU.ActiveCfg = Release|Any CPU
		{0FCED6BF-03FF-49B4-ABB6-5F57B112A938}.Release|Any CPU.Build.0 = Release|Any CPU
		{1077ECA9-CE66-46C7-BD5E-D6CBEC84A623}.Debug|Any CPU.ActiveCfg = Debug|Any CPU
		{1077ECA9-CE66-46C7-BD5E-D6CBEC84A623}.Debug|Any CPU.Build.0 = Debug|Any CPU
		{1077ECA9-CE66-46C7-BD5E-D6CBEC84A623}.Release|Any CPU.ActiveCfg = Release|Any CPU
		{1077ECA9-CE66-46C7-BD5E-D6CBEC84A623}.Release|Any CPU.Build.0 = Release|Any CPU
		{7273EE64-477A-4000-80D0-FBD5CEA32870}.Debug|Any CPU.ActiveCfg = Debug|Any CPU
		{7273EE64-477A-4000-80D0-FBD5CEA32870}.Debug|Any CPU.Build.0 = Debug|Any CPU
		{7273EE64-477A-4000-80D0-FBD5CEA32870}.Release|Any CPU.ActiveCfg = Release|Any CPU
		{7273EE64-477A-4000-80D0-FBD5CEA32870}.Release|Any CPU.Build.0 = Release|Any CPU
	EndGlobalSection
	GlobalSection(SolutionProperties) = preSolution
		HideSolutionNode = FALSE
	EndGlobalSection
	GlobalSection(ExtensibilityGlobals) = postSolution
		SolutionGuid = {5F3B634A-3E08-4C8E-9481-D6D9F394FBBC}
	EndGlobalSection
EndGlobal
